
Microsoft Visual Studio Solution File, Format Version 12.00
# Visual Studio Version 17
VisualStudioVersion = 17.0.31903.59
MinimumVisualStudioVersion = 10.0.40219.1
Project("{FAE04EC0-301F-11D3-BF4B-00C04F79EFBC}") = "ExampleLib", "ExampleLib\ExampleLib.csproj", "{A3BA26E6-1F2B-4223-B113-19CD49278786}"
EndProject
Project("{FAE04EC0-301F-11D3-BF4B-00C04F79EFBC}") = "Execute", "Execute\Execute.csproj", "{8BA9EF3A-CEB2-43FA-98CC-3A77F9FE4FD7}"
EndProject
Project("{FAE04EC0-301F-11D3-BF4B-00C04F79EFBC}") = "chapter6Example", "chapter6Example\chapter6Example.csproj", "{AFD463AB-37E6-43BB-94B3-E30D7E9AADCD}"
EndProject
Global
	GlobalSection(SolutionConfigurationPlatforms) = preSolution
		Debug|Any CPU = Debug|Any CPU
		Release|Any CPU = Release|Any CPU
	EndGlobalSection
	GlobalSection(SolutionProperties) = preSolution
		HideSolutionNode = FALSE
	EndGlobalSection
	GlobalSection(ProjectConfigurationPlatforms) = postSolution
		{A3BA26E6-1F2B-4223-B113-19CD49278786}.Debug|Any CPU.ActiveCfg = Debug|Any CPU
		{A3BA26E6-1F2B-4223-B113-19CD49278786}.Debug|Any CPU.Build.0 = Debug|Any CPU
		{A3BA26E6-1F2B-4223-B113-19CD49278786}.Release|Any CPU.ActiveCfg = Release|Any CPU
		{A3BA26E6-1F2B-4223-B113-19CD49278786}.Release|Any CPU.Build.0 = Release|Any CPU
		{8BA9EF3A-CEB2-43FA-98CC-3A77F9FE4FD7}.Debug|Any CPU.ActiveCfg = Debug|Any CPU
		{8BA9EF3A-CEB2-43FA-98CC-3A77F9FE4FD7}.Debug|Any CPU.Build.0 = Debug|Any CPU
		{8BA9EF3A-CEB2-43FA-98CC-3A77F9FE4FD7}.Release|Any CPU.ActiveCfg = Release|Any CPU
		{8BA9EF3A-CEB2-43FA-98CC-3A77F9FE4FD7}.Release|Any CPU.Build.0 = Release|Any CPU
		{AFD463AB-37E6-43BB-94B3-E30D7E9AADCD}.Debug|Any CPU.ActiveCfg = Debug|Any CPU
		{AFD463AB-37E6-43BB-94B3-E30D7E9AADCD}.Debug|Any CPU.Build.0 = Debug|Any CPU
		{AFD463AB-37E6-43BB-94B3-E30D7E9AADCD}.Release|Any CPU.ActiveCfg = Release|Any CPU
		{AFD463AB-37E6-43BB-94B3-E30D7E9AADCD}.Release|Any CPU.Build.0 = Release|Any CPU
	EndGlobalSection
EndGlobal
