
Microsoft Visual Studio Solution File, Format Version 12.00
# Visual Studio Version 16
VisualStudioVersion = 16.0.30717.126
MinimumVisualStudioVersion = 10.0.40219.1
Project("{FAE04EC0-301F-11D3-BF4B-00C04F79EFBC}") = "DataBindingListToClass", "DataBindingListToClass.csproj", "{91D1A9D2-5942-488A-B7C5-8419AE1035CC}"
EndProject
Global
	GlobalSection(SolutionConfigurationPlatforms) = preSolution
		Debug|Any CPU = Debug|Any CPU
		Release|Any CPU = Release|Any CPU
	EndGlobalSection
	GlobalSection(ProjectConfigurationPlatforms) = postSolution
		{91D1A9D2-5942-488A-B7C5-8419AE1035CC}.Debug|Any CPU.ActiveCfg = Debug|Any CPU
		{91D1A9D2-5942-488A-B7C5-8419AE1035CC}.Debug|Any CPU.Build.0 = Debug|Any CPU
		{91D1A9D2-5942-488A-B7C5-8419AE1035CC}.Release|Any CPU.ActiveCfg = Release|Any CPU
		{91D1A9D2-5942-488A-B7C5-8419AE1035CC}.Release|Any CPU.Build.0 = Release|Any CPU
	EndGlobalSection
	GlobalSection(SolutionProperties) = preSolution
		HideSolutionNode = FALSE
	EndGlobalSection
	GlobalSection(ExtensibilityGlobals) = postSolution
		SolutionGuid = {BDE2175D-FCB0-4E99-8EE0-4B45B81F1D6F}
	EndGlobalSection
EndGlobal
