
Microsoft Visual Studio Solution File, Format Version 12.00
# Visual Studio Version 17
VisualStudioVersion = 17.11.35312.102
MinimumVisualStudioVersion = 10.0.40219.1
Project("{9A19103F-16F7-4668-BE54-9A1E7A4F7556}") = "ExampleCollection", "ExampleCollection\ExampleCollection.csproj", "{A9AB7E52-48F5-408D-97B0-1A08380C5ACE}"
EndProject
Project("{9A19103F-16F7-4668-BE54-9A1E7A4F7556}") = "ExampleConsequence", "ExampleConsequence\ExampleConsequence.csproj", "{13976897-F2F7-4AF9-8D0B-AEC293AF2878}"
EndProject
Project("{FAE04EC0-301F-11D3-BF4B-00C04F79EFBC}") = "BaseLibrary", "BaseLibrary\BaseLibrary.csproj", "{0E8200CD-2568-4C05-9A0E-3C82C536CCB4}"
EndProject
Global
	GlobalSection(SolutionConfigurationPlatforms) = preSolution
		Debug|Any CPU = Debug|Any CPU
		Release|Any CPU = Release|Any CPU
	EndGlobalSection
	GlobalSection(ProjectConfigurationPlatforms) = postSolution
		{A9AB7E52-48F5-408D-97B0-1A08380C5ACE}.Debug|Any CPU.ActiveCfg = Debug|Any CPU
		{A9AB7E52-48F5-408D-97B0-1A08380C5ACE}.Debug|Any CPU.Build.0 = Debug|Any CPU
		{A9AB7E52-48F5-408D-97B0-1A08380C5ACE}.Release|Any CPU.ActiveCfg = Release|Any CPU
		{A9AB7E52-48F5-408D-97B0-1A08380C5ACE}.Release|Any CPU.Build.0 = Release|Any CPU
		{13976897-F2F7-4AF9-8D0B-AEC293AF2878}.Debug|Any CPU.ActiveCfg = Debug|Any CPU
		{13976897-F2F7-4AF9-8D0B-AEC293AF2878}.Debug|Any CPU.Build.0 = Debug|Any CPU
		{13976897-F2F7-4AF9-8D0B-AEC293AF2878}.Release|Any CPU.ActiveCfg = Release|Any CPU
		{13976897-F2F7-4AF9-8D0B-AEC293AF2878}.Release|Any CPU.Build.0 = Release|Any CPU
		{0E8200CD-2568-4C05-9A0E-3C82C536CCB4}.Debug|Any CPU.ActiveCfg = Debug|Any CPU
		{0E8200CD-2568-4C05-9A0E-3C82C536CCB4}.Debug|Any CPU.Build.0 = Debug|Any CPU
		{0E8200CD-2568-4C05-9A0E-3C82C536CCB4}.Release|Any CPU.ActiveCfg = Release|Any CPU
		{0E8200CD-2568-4C05-9A0E-3C82C536CCB4}.Release|Any CPU.Build.0 = Release|Any CPU
	EndGlobalSection
	GlobalSection(SolutionProperties) = preSolution
		HideSolutionNode = FALSE
	EndGlobalSection
	GlobalSection(ExtensibilityGlobals) = postSolution
		SolutionGuid = {B85A594F-6A04-473E-A9D5-8398C49D6606}
	EndGlobalSection
EndGlobal
